
Microsoft Visual Studio Solution File, Format Version 12.00
# Visual Studio Version 17
VisualStudioVersion = 17.0.31903.59
MinimumVisualStudioVersion = 10.0.40219.1
Project("{2150E333-8FDC-42A3-9474-1A3956D46DE8}") = "src", "src", "{827E0CD3-B72D-47B6-A68D-7590B98EB39B}"
EndProject
Project("{FAE04EC0-301F-11D3-BF4B-00C04F79EFBC}") = "SkillBridge.Domain", "src\SkillBridge.Domain\SkillBridge.Domain.csproj", "{6A69BDCE-DD5D-49D0-A32A-2DD4E9E1DC41}"
EndProject
Project("{FAE04EC0-301F-11D3-BF4B-00C04F79EFBC}") = "SkillBridge.Application", "src\SkillBridge.Application\SkillBridge.Application.csproj", "{CF75B65B-D6B2-45F2-BDBF-956A04781FFF}"
EndProject
Project("{FAE04EC0-301F-11D3-BF4B-00C04F79EFBC}") = "SkillBridge.Infrastructure", "src\SkillBridge.Infrastructure\SkillBridge.Infrastructure.csproj", "{D4E40F2F-CB45-44ED-AAAD-A0874551C7C6}"
EndProject
Project("{FAE04EC0-301F-11D3-BF4B-00C04F79EFBC}") = "SkillBridge.API", "src\SkillBridge.API\SkillBridge.API.csproj", "{E9159016-028C-46F7-A469-0FDC91256578}"
EndProject
Global
	GlobalSection(SolutionConfigurationPlatforms) = preSolution
		Debug|Any CPU = Debug|Any CPU
		Debug|x64 = Debug|x64
		Debug|x86 = Debug|x86
		Release|Any CPU = Release|Any CPU
		Release|x64 = Release|x64
		Release|x86 = Release|x86
	EndGlobalSection
	GlobalSection(ProjectConfigurationPlatforms) = postSolution
		{6A69BDCE-DD5D-49D0-A32A-2DD4E9E1DC41}.Debug|Any CPU.ActiveCfg = Debug|Any CPU
		{6A69BDCE-DD5D-49D0-A32A-2DD4E9E1DC41}.Debug|Any CPU.Build.0 = Debug|Any CPU
		{6A69BDCE-DD5D-49D0-A32A-2DD4E9E1DC41}.Debug|x64.ActiveCfg = Debug|Any CPU
		{6A69BDCE-DD5D-49D0-A32A-2DD4E9E1DC41}.Debug|x64.Build.0 = Debug|Any CPU
		{6A69BDCE-DD5D-49D0-A32A-2DD4E9E1DC41}.Debug|x86.ActiveCfg = Debug|Any CPU
		{6A69BDCE-DD5D-49D0-A32A-2DD4E9E1DC41}.Debug|x86.Build.0 = Debug|Any CPU
		{6A69BDCE-DD5D-49D0-A32A-2DD4E9E1DC41}.Release|Any CPU.ActiveCfg = Release|Any CPU
		{6A69BDCE-DD5D-49D0-A32A-2DD4E9E1DC41}.Release|Any CPU.Build.0 = Release|Any CPU
		{6A69BDCE-DD5D-49D0-A32A-2DD4E9E1DC41}.Release|x64.ActiveCfg = Release|Any CPU
		{6A69BDCE-DD5D-49D0-A32A-2DD4E9E1DC41}.Release|x64.Build.0 = Release|Any CPU
		{6A69BDCE-DD5D-49D0-A32A-2DD4E9E1DC41}.Release|x86.ActiveCfg = Release|Any CPU
		{6A69BDCE-DD5D-49D0-A32A-2DD4E9E1DC41}.Release|x86.Build.0 = Release|Any CPU
		{CF75B65B-D6B2-45F2-BDBF-956A04781FFF}.Debug|Any CPU.ActiveCfg = Debug|Any CPU
		{CF75B65B-D6B2-45F2-BDBF-956A04781FFF}.Debug|Any CPU.Build.0 = Debug|Any CPU
		{CF75B65B-D6B2-45F2-BDBF-956A04781FFF}.Debug|x64.ActiveCfg = Debug|Any CPU
		{CF75B65B-D6B2-45F2-BDBF-956A04781FFF}.Debug|x64.Build.0 = Debug|Any CPU
		{CF75B65B-D6B2-45F2-BDBF-956A04781FFF}.Debug|x86.ActiveCfg = Debug|Any CPU
		{CF75B65B-D6B2-45F2-BDBF-956A04781FFF}.Debug|x86.Build.0 = Debug|Any CPU
		{CF75B65B-D6B2-45F2-BDBF-956A04781FFF}.Release|Any CPU.ActiveCfg = Release|Any CPU
		{CF75B65B-D6B2-45F2-BDBF-956A04781FFF}.Release|Any CPU.Build.0 = Release|Any CPU
		{CF75B65B-D6B2-45F2-BDBF-956A04781FFF}.Release|x64.ActiveCfg = Release|Any CPU
		{CF75B65B-D6B2-45F2-BDBF-956A04781FFF}.Release|x64.Build.0 = Release|Any CPU
		{CF75B65B-D6B2-45F2-BDBF-956A04781FFF}.Release|x86.ActiveCfg = Release|Any CPU
		{CF75B65B-D6B2-45F2-BDBF-956A04781FFF}.Release|x86.Build.0 = Release|Any CPU
		{D4E40F2F-CB45-44ED-AAAD-A0874551C7C6}.Debug|Any CPU.ActiveCfg = Debug|Any CPU
		{D4E40F2F-CB45-44ED-AAAD-A0874551C7C6}.Debug|Any CPU.Build.0 = Debug|Any CPU
		{D4E40F2F-CB45-44ED-AAAD-A0874551C7C6}.Debug|x64.ActiveCfg = Debug|Any CPU
		{D4E40F2F-CB45-44ED-AAAD-A0874551C7C6}.Debug|x64.Build.0 = Debug|Any CPU
		{D4E40F2F-CB45-44ED-AAAD-A0874551C7C6}.Debug|x86.ActiveCfg = Debug|Any CPU
		{D4E40F2F-CB45-44ED-AAAD-A0874551C7C6}.Debug|x86.Build.0 = Debug|Any CPU
		{D4E40F2F-CB45-44ED-AAAD-A0874551C7C6}.Release|Any CPU.ActiveCfg = Release|Any CPU
		{D4E40F2F-CB45-44ED-AAAD-A0874551C7C6}.Release|Any CPU.Build.0 = Release|Any CPU
		{D4E40F2F-CB45-44ED-AAAD-A0874551C7C6}.Release|x64.ActiveCfg = Release|Any CPU
		{D4E40F2F-CB45-44ED-AAAD-A0874551C7C6}.Release|x64.Build.0 = Release|Any CPU
		{D4E40F2F-CB45-44ED-AAAD-A0874551C7C6}.Release|x86.ActiveCfg = Release|Any CPU
		{D4E40F2F-CB45-44ED-AAAD-A0874551C7C6}.Release|x86.Build.0 = Release|Any CPU
		{E9159016-028C-46F7-A469-0FDC91256578}.Debug|Any CPU.ActiveCfg = Debug|Any CPU
		{E9159016-028C-46F7-A469-0FDC91256578}.Debug|Any CPU.Build.0 = Debug|Any CPU
		{E9159016-028C-46F7-A469-0FDC91256578}.Debug|x64.ActiveCfg = Debug|Any CPU
		{E9159016-028C-46F7-A469-0FDC91256578}.Debug|x64.Build.0 = Debug|Any CPU
		{E9159016-028C-46F7-A469-0FDC91256578}.Debug|x86.ActiveCfg = Debug|Any CPU
		{E9159016-028C-46F7-A469-0FDC91256578}.Debug|x86.Build.0 = Debug|Any CPU
		{E9159016-028C-46F7-A469-0FDC91256578}.Release|Any CPU.ActiveCfg = Release|Any CPU
		{E9159016-028C-46F7-A469-0FDC91256578}.Release|Any CPU.Build.0 = Release|Any CPU
		{E9159016-028C-46F7-A469-0FDC91256578}.Release|x64.ActiveCfg = Release|Any CPU
		{E9159016-028C-46F7-A469-0FDC91256578}.Release|x64.Build.0 = Release|Any CPU
		{E9159016-028C-46F7-A469-0FDC91256578}.Release|x86.ActiveCfg = Release|Any CPU
		{E9159016-028C-46F7-A469-0FDC91256578}.Release|x86.Build.0 = Release|Any CPU
	EndGlobalSection
	GlobalSection(SolutionProperties) = preSolution
		HideSolutionNode = FALSE
	EndGlobalSection
	GlobalSection(NestedProjects) = preSolution
		{6A69BDCE-DD5D-49D0-A32A-2DD4E9E1DC41} = {827E0CD3-B72D-47B6-A68D-7590B98EB39B}
		{CF75B65B-D6B2-45F2-BDBF-956A04781FFF} = {827E0CD3-B72D-47B6-A68D-7590B98EB39B}
		{D4E40F2F-CB45-44ED-AAAD-A0874551C7C6} = {827E0CD3-B72D-47B6-A68D-7590B98EB39B}
		{E9159016-028C-46F7-A469-0FDC91256578} = {827E0CD3-B72D-47B6-A68D-7590B98EB39B}
	EndGlobalSection
EndGlobal
